
Microsoft Visual Studio Solution File, Format Version 12.00
# Visual Studio Version 16
VisualStudioVersion = 16.0.30104.148
MinimumVisualStudioVersion = 10.0.40219.1
Project("{F184B08F-C81C-45F6-A57F-5ABD9991F28F}") = "Stairs3D", "Stairs3D\Stairs3D.vbproj", "{5EEBE5F1-C6FD-4FFD-A304-257CA7445E13}"
EndProject
Global
	GlobalSection(SolutionConfigurationPlatforms) = preSolution
		Debug|Any CPU = Debug|Any CPU
		Release|Any CPU = Release|Any CPU
	EndGlobalSection
	GlobalSection(ProjectConfigurationPlatforms) = postSolution
		{5EEBE5F1-C6FD-4FFD-A304-257CA7445E13}.Debug|Any CPU.ActiveCfg = Debug|Any CPU
		{5EEBE5F1-C6FD-4FFD-A304-257CA7445E13}.Debug|Any CPU.Build.0 = Debug|Any CPU
		{5EEBE5F1-C6FD-4FFD-A304-257CA7445E13}.Release|Any CPU.ActiveCfg = Release|Any CPU
		{5EEBE5F1-C6FD-4FFD-A304-257CA7445E13}.Release|Any CPU.Build.0 = Release|Any CPU
	EndGlobalSection
	GlobalSection(SolutionProperties) = preSolution
		HideSolutionNode = FALSE
	EndGlobalSection
	GlobalSection(ExtensibilityGlobals) = postSolution
		SolutionGuid = {AC7DE8D8-9AF1-4C0C-A997-84EDCCB09B87}
	EndGlobalSection
EndGlobal
